
Microsoft Visual Studio Solution File, Format Version 12.00
# Visual Studio Version 17
VisualStudioVersion = 17.7.34031.279
MinimumVisualStudioVersion = 10.0.40219.1
Project("{FAE04EC0-301F-11D3-BF4B-00C04F79EFBC}") = "Example_ElifIsik", "Example_ElifIsik\Example_ElifIsik.csproj", "{0ADB6F39-BA8E-4747-93D7-1B7E2536E068}"
EndProject
Global
	GlobalSection(SolutionConfigurationPlatforms) = preSolution
		Debug|Any CPU = Debug|Any CPU
		Release|Any CPU = Release|Any CPU
	EndGlobalSection
	GlobalSection(ProjectConfigurationPlatforms) = postSolution
		{0ADB6F39-BA8E-4747-93D7-1B7E2536E068}.Debug|Any CPU.ActiveCfg = Debug|Any CPU
		{0ADB6F39-BA8E-4747-93D7-1B7E2536E068}.Debug|Any CPU.Build.0 = Debug|Any CPU
		{0ADB6F39-BA8E-4747-93D7-1B7E2536E068}.Release|Any CPU.ActiveCfg = Release|Any CPU
		{0ADB6F39-BA8E-4747-93D7-1B7E2536E068}.Release|Any CPU.Build.0 = Release|Any CPU
	EndGlobalSection
	GlobalSection(SolutionProperties) = preSolution
		HideSolutionNode = FALSE
	EndGlobalSection
	GlobalSection(ExtensibilityGlobals) = postSolution
		SolutionGuid = {D2FB80DC-484D-46AC-BDE5-01EC1753C024}
	EndGlobalSection
EndGlobal
